// !$*UTF8*$!
{
	archiveVersion = 1;
	classes = {
	};
	objectVersion = 48;
	objects = {

/* Begin PBXBuildFile section */
		470706C11DFE7F4F00F27AAF /* TableViewCellFrame_Middle.swift in Sources */ = {isa = PBXBuildFile; fileRef = 470706C01DFE7F4F00F27AAF /* TableViewCellFrame_Middle.swift */; };
		470706C31DFF8BA300F27AAF /* ButtonRed.swift in Sources */ = {isa = PBXBuildFile; fileRef = 470706C21DFF8BA300F27AAF /* ButtonRed.swift */; };
		470706C71DFFA0D800F27AAF /* TableButton_Red.swift in Sources */ = {isa = PBXBuildFile; fileRef = 470706C61DFFA0D800F27AAF /* TableButton_Red.swift */; };
		470706C91DFFA0F500F27AAF /* ButtonWhite.swift in Sources */ = {isa = PBXBuildFile; fileRef = 470706C81DFFA0F500F27AAF /* ButtonWhite.swift */; };
		470706CB1DFFA11E00F27AAF /* TableButton_White.swift in Sources */ = {isa = PBXBuildFile; fileRef = 470706CA1DFFA11E00F27AAF /* TableButton_White.swift */; };
		47087BA91E077D3A00C2BE89 /* O_OrderInformationViewController.swift in Sources */ = {isa = PBXBuildFile; fileRef = 47087BA81E077D3A00C2BE89 /* O_OrderInformationViewController.swift */; };
		4721AD741DF7B8E4000CD963 /* AppDelegate.swift in Sources */ = {isa = PBXBuildFile; fileRef = 4721AD731DF7B8E4000CD963 /* AppDelegate.swift */; };
		4721AD7C1DF7B8E4000CD963 /* PerseusShelfUnion.xcdatamodeld in Sources */ = {isa = PBXBuildFile; fileRef = 4721AD7A1DF7B8E4000CD963 /* PerseusShelfUnion.xcdatamodeld */; };
		4721AD7E1DF7B8E4000CD963 /* Assets.xcassets in Resources */ = {isa = PBXBuildFile; fileRef = 4721AD7D1DF7B8E4000CD963 /* Assets.xcassets */; };
		4721AD811DF7B8E4000CD963 /* LaunchScreen.storyboard in Resources */ = {isa = PBXBuildFile; fileRef = 4721AD7F1DF7B8E4000CD963 /* LaunchScreen.storyboard */; };
		472587411E025DC700B9D108 /* HasOrderedLabel.swift in Sources */ = {isa = PBXBuildFile; fileRef = 472587401E025DC700B9D108 /* HasOrderedLabel.swift */; };
		472587431E03B9E200B9D108 /* T_OrderDetailTableViewCell.swift in Sources */ = {isa = PBXBuildFile; fileRef = 472587421E03B9E200B9D108 /* T_OrderDetailTableViewCell.swift */; };
		476AC81A1DF9340D00093B38 /* Icons.xcassets in Resources */ = {isa = PBXBuildFile; fileRef = 476AC8191DF9340D00093B38 /* Icons.xcassets */; };
		476AC82E1DFA715900093B38 /* TableViewCellFrame.swift in Sources */ = {isa = PBXBuildFile; fileRef = 476AC82D1DFA715900093B38 /* TableViewCellFrame.swift */; };
		476AC8321DFA7ECE00093B38 /* TextFieldFrame.swift in Sources */ = {isa = PBXBuildFile; fileRef = 476AC8311DFA7ECE00093B38 /* TextFieldFrame.swift */; };
		476AC8341DFA809900093B38 /* TableViewCellFrame_Top.swift in Sources */ = {isa = PBXBuildFile; fileRef = 476AC8331DFA809900093B38 /* TableViewCellFrame_Top.swift */; };
		476AC8361DFA865100093B38 /* TableViewCellFrame_SecondMenu.swift in Sources */ = {isa = PBXBuildFile; fileRef = 476AC8351DFA865100093B38 /* TableViewCellFrame_SecondMenu.swift */; };
		47EC22CC1E00C65800BD439D /* Messages.swift in Sources */ = {isa = PBXBuildFile; fileRef = 47EC22CB1E00C65800BD439D /* Messages.swift */; };
		47EC22D21E00DEA000BD439D /* ProgressHUD.bundle in Resources */ = {isa = PBXBuildFile; fileRef = 47EC22CF1E00DEA000BD439D /* ProgressHUD.bundle */; };
		47EC22D31E00DEA000BD439D /* ProgressHUD.m in Sources */ = {isa = PBXBuildFile; fileRef = 47EC22D11E00DEA000BD439D /* ProgressHUD.m */; };
		47EC22FA1E010D1F00BD439D /* LogIn.storyboard in Resources */ = {isa = PBXBuildFile; fileRef = 47EC22F51E010D1F00BD439D /* LogIn.storyboard */; };
		47EC22FB1E010D1F00BD439D /* Main.storyboard in Resources */ = {isa = PBXBuildFile; fileRef = 47EC22F61E010D1F00BD439D /* Main.storyboard */; };
		47EC22FC1E010D1F00BD439D /* OrdersList.storyboard in Resources */ = {isa = PBXBuildFile; fileRef = 47EC22F71E010D1F00BD439D /* OrdersList.storyboard */; };
		47EC22FD1E010D1F00BD439D /* TakeOrdersList.storyboard in Resources */ = {isa = PBXBuildFile; fileRef = 47EC22F81E010D1F00BD439D /* TakeOrdersList.storyboard */; };
		47EC22FE1E010D1F00BD439D /* User.storyboard in Resources */ = {isa = PBXBuildFile; fileRef = 47EC22F91E010D1F00BD439D /* User.storyboard */; };
		9D07180D1E0133860071C352 /* L_LoginViewController.swift in Sources */ = {isa = PBXBuildFile; fileRef = 9D0718041E0133860071C352 /* L_LoginViewController.swift */; };
		9D07180E1E0133860071C352 /* L_RegistrationViewController.swift in Sources */ = {isa = PBXBuildFile; fileRef = 9D0718051E0133860071C352 /* L_RegistrationViewController.swift */; };
		9D07180F1E0133860071C352 /* O_MyOrdersTableViewController.swift in Sources */ = {isa = PBXBuildFile; fileRef = 9D0718061E0133860071C352 /* O_MyOrdersTableViewController.swift */; };
		9D0718101E0133860071C352 /* T_OrderDetailTableViewController.swift in Sources */ = {isa = PBXBuildFile; fileRef = 9D0718071E0133860071C352 /* T_OrderDetailTableViewController.swift */; };
		9D0718111E0133860071C352 /* T_TakeOrdersTableViewController.swift in Sources */ = {isa = PBXBuildFile; fileRef = 9D0718081E0133860071C352 /* T_TakeOrdersTableViewController.swift */; };
		9D0718121E0133860071C352 /* U_MyCertificateTableViewController.swift in Sources */ = {isa = PBXBuildFile; fileRef = 9D0718091E0133860071C352 /* U_MyCertificateTableViewController.swift */; };
		9D0718131E0133860071C352 /* U_MyCreditTableViewController.swift in Sources */ = {isa = PBXBuildFile; fileRef = 9D07180A1E0133860071C352 /* U_MyCreditTableViewController.swift */; };
		9D0718141E0133860071C352 /* U_MyDataTableViewController.swift in Sources */ = {isa = PBXBuildFile; fileRef = 9D07180B1E0133860071C352 /* U_MyDataTableViewController.swift */; };
		9D0718151E0133860071C352 /* U_MyInformationTableViewController.swift in Sources */ = {isa = PBXBuildFile; fileRef = 9D07180C1E0133860071C352 /* U_MyInformationTableViewController.swift */; };
		9D0718171E0134140071C352 /* GenerateCodeView.swift in Sources */ = {isa = PBXBuildFile; fileRef = 9D0718161E0134140071C352 /* GenerateCodeView.swift */; };
		9D2C74021E02375D003F05CC /* MJRefreshAutoFooter.m in Sources */ = {isa = PBXBuildFile; fileRef = 9D2C73D61E02375D003F05CC /* MJRefreshAutoFooter.m */; };
		9D2C74031E02375D003F05CC /* MJRefreshBackFooter.m in Sources */ = {isa = PBXBuildFile; fileRef = 9D2C73D81E02375D003F05CC /* MJRefreshBackFooter.m */; };
		9D2C74041E02375D003F05CC /* MJRefreshComponent.m in Sources */ = {isa = PBXBuildFile; fileRef = 9D2C73DA1E02375D003F05CC /* MJRefreshComponent.m */; };
		9D2C74051E02375D003F05CC /* MJRefreshFooter.m in Sources */ = {isa = PBXBuildFile; fileRef = 9D2C73DC1E02375D003F05CC /* MJRefreshFooter.m */; };
		9D2C74061E02375D003F05CC /* MJRefreshHeader.m in Sources */ = {isa = PBXBuildFile; fileRef = 9D2C73DE1E02375D003F05CC /* MJRefreshHeader.m */; };
		9D2C74071E02375D003F05CC /* MJRefreshAutoGifFooter.m in Sources */ = {isa = PBXBuildFile; fileRef = 9D2C73E31E02375D003F05CC /* MJRefreshAutoGifFooter.m */; };
		9D2C74081E02375D003F05CC /* MJRefreshAutoNormalFooter.m in Sources */ = {isa = PBXBuildFile; fileRef = 9D2C73E51E02375D003F05CC /* MJRefreshAutoNormalFooter.m */; };
		9D2C74091E02375D003F05CC /* MJRefreshAutoStateFooter.m in Sources */ = {isa = PBXBuildFile; fileRef = 9D2C73E71E02375D003F05CC /* MJRefreshAutoStateFooter.m */; };
		9D2C740A1E02375D003F05CC /* MJRefreshBackGifFooter.m in Sources */ = {isa = PBXBuildFile; fileRef = 9D2C73EA1E02375D003F05CC /* MJRefreshBackGifFooter.m */; };
		9D2C740B1E02375D003F05CC /* MJRefreshBackNormalFooter.m in Sources */ = {isa = PBXBuildFile; fileRef = 9D2C73EC1E02375D003F05CC /* MJRefreshBackNormalFooter.m */; };
		9D2C740C1E02375D003F05CC /* MJRefreshBackStateFooter.m in Sources */ = {isa = PBXBuildFile; fileRef = 9D2C73EE1E02375D003F05CC /* MJRefreshBackStateFooter.m */; };
		9D2C740D1E02375D003F05CC /* MJRefreshGifHeader.m in Sources */ = {isa = PBXBuildFile; fileRef = 9D2C73F11E02375D003F05CC /* MJRefreshGifHeader.m */; };
		9D2C740E1E02375D003F05CC /* MJRefreshNormalHeader.m in Sources */ = {isa = PBXBuildFile; fileRef = 9D2C73F31E02375D003F05CC /* MJRefreshNormalHeader.m */; };
		9D2C740F1E02375D003F05CC /* MJRefreshStateHeader.m in Sources */ = {isa = PBXBuildFile; fileRef = 9D2C73F51E02375D003F05CC /* MJRefreshStateHeader.m */; };
		9D2C74101E02375D003F05CC /* MJRefresh.bundle in Resources */ = {isa = PBXBuildFile; fileRef = 9D2C73F61E02375D003F05CC /* MJRefresh.bundle */; };
		9D2C74111E02375D003F05CC /* MJRefreshConst.m in Sources */ = {isa = PBXBuildFile; fileRef = 9D2C73F91E02375D003F05CC /* MJRefreshConst.m */; };
		9D2C74121E02375D003F05CC /* NSBundle+MJRefresh.m in Sources */ = {isa = PBXBuildFile; fileRef = 9D2C73FB1E02375D003F05CC /* NSBundle+MJRefresh.m */; };
		9D2C74131E02375D003F05CC /* UIScrollView+MJExtension.m in Sources */ = {isa = PBXBuildFile; fileRef = 9D2C73FD1E02375D003F05CC /* UIScrollView+MJExtension.m */; };
		9D2C74141E02375D003F05CC /* UIScrollView+MJRefresh.m in Sources */ = {isa = PBXBuildFile; fileRef = 9D2C73FF1E02375D003F05CC /* UIScrollView+MJRefresh.m */; };
		9D2C74151E02375D003F05CC /* UIView+MJExtension.m in Sources */ = {isa = PBXBuildFile; fileRef = 9D2C74011E02375D003F05CC /* UIView+MJExtension.m */; };
		CB8360071E07B4AC000B032A /* O_OrderDetailTableViewController.swift in Sources */ = {isa = PBXBuildFile; fileRef = CB8360061E07B4AC000B032A /* O_OrderDetailTableViewController.swift */; };
		CB8360091E07B5E8000B032A /* O_EvaluateViewController.swift in Sources */ = {isa = PBXBuildFile; fileRef = CB8360081E07B5E8000B032A /* O_EvaluateViewController.swift */; };
/* End PBXBuildFile section */

/* Begin PBXFileReference section */
		470706C01DFE7F4F00F27AAF /* TableViewCellFrame_Middle.swift */ = {isa = PBXFileReference; fileEncoding = 4; lastKnownFileType = sourcecode.swift; name = TableViewCellFrame_Middle.swift; path = View/TableViewCellFrame_Middle.swift; sourceTree = "<group>"; };
		470706C21DFF8BA300F27AAF /* ButtonRed.swift */ = {isa = PBXFileReference; fileEncoding = 4; lastKnownFileType = sourcecode.swift; name = ButtonRed.swift; path = View/ButtonRed.swift; sourceTree = "<group>"; };
		470706C61DFFA0D800F27AAF /* TableButton_Red.swift */ = {isa = PBXFileReference; fileEncoding = 4; lastKnownFileType = sourcecode.swift; name = TableButton_Red.swift; path = View/TableButton_Red.swift; sourceTree = "<group>"; };
		470706C81DFFA0F500F27AAF /* ButtonWhite.swift */ = {isa = PBXFileReference; fileEncoding = 4; lastKnownFileType = sourcecode.swift; name = ButtonWhite.swift; path = View/ButtonWhite.swift; sourceTree = "<group>"; };
		470706CA1DFFA11E00F27AAF /* TableButton_White.swift */ = {isa = PBXFileReference; fileEncoding = 4; lastKnownFileType = sourcecode.swift; name = TableButton_White.swift; path = View/TableButton_White.swift; sourceTree = "<group>"; };
		47087BA81E077D3A00C2BE89 /* O_OrderInformationViewController.swift */ = {isa = PBXFileReference; fileEncoding = 4; lastKnownFileType = sourcecode.swift; name = O_OrderInformationViewController.swift; path = Controller/O_OrderInformationViewController.swift; sourceTree = "<group>"; };
		4721AD701DF7B8E4000CD963 /* PerseusShelfUnion.app */ = {isa = PBXFileReference; explicitFileType = wrapper.application; includeInIndex = 0; path = PerseusShelfUnion.app; sourceTree = BUILT_PRODUCTS_DIR; };
		4721AD731DF7B8E4000CD963 /* AppDelegate.swift */ = {isa = PBXFileReference; lastKnownFileType = sourcecode.swift; path = AppDelegate.swift; sourceTree = "<group>"; };
		4721AD7B1DF7B8E4000CD963 /* PerseusShelfUnion.xcdatamodel */ = {isa = PBXFileReference; lastKnownFileType = wrapper.xcdatamodel; path = PerseusShelfUnion.xcdatamodel; sourceTree = "<group>"; };
		4721AD7D1DF7B8E4000CD963 /* Assets.xcassets */ = {isa = PBXFileReference; lastKnownFileType = folder.assetcatalog; path = Assets.xcassets; sourceTree = "<group>"; };
		4721AD801DF7B8E4000CD963 /* Base */ = {isa = PBXFileReference; lastKnownFileType = file.storyboard; name = Base; path = Base.lproj/LaunchScreen.storyboard; sourceTree = "<group>"; };
		4721AD821DF7B8E4000CD963 /* Info.plist */ = {isa = PBXFileReference; lastKnownFileType = text.plist.xml; path = Info.plist; sourceTree = "<group>"; };
		472587401E025DC700B9D108 /* HasOrderedLabel.swift */ = {isa = PBXFileReference; fileEncoding = 4; lastKnownFileType = sourcecode.swift; name = HasOrderedLabel.swift; path = View/HasOrderedLabel.swift; sourceTree = "<group>"; };
		472587421E03B9E200B9D108 /* T_OrderDetailTableViewCell.swift */ = {isa = PBXFileReference; fileEncoding = 4; lastKnownFileType = sourcecode.swift; name = T_OrderDetailTableViewCell.swift; path = View/T_OrderDetailTableViewCell.swift; sourceTree = "<group>"; };
		476AC8191DF9340D00093B38 /* Icons.xcassets */ = {isa = PBXFileReference; lastKnownFileType = folder.assetcatalog; path = Icons.xcassets; sourceTree = "<group>"; };
		476AC82D1DFA715900093B38 /* TableViewCellFrame.swift */ = {isa = PBXFileReference; fileEncoding = 4; lastKnownFileType = sourcecode.swift; name = TableViewCellFrame.swift; path = View/TableViewCellFrame.swift; sourceTree = "<group>"; };
		476AC8311DFA7ECE00093B38 /* TextFieldFrame.swift */ = {isa = PBXFileReference; fileEncoding = 4; lastKnownFileType = sourcecode.swift; name = TextFieldFrame.swift; path = View/TextFieldFrame.swift; sourceTree = "<group>"; };
		476AC8331DFA809900093B38 /* TableViewCellFrame_Top.swift */ = {isa = PBXFileReference; fileEncoding = 4; lastKnownFileType = sourcecode.swift; name = TableViewCellFrame_Top.swift; path = View/TableViewCellFrame_Top.swift; sourceTree = "<group>"; };
		476AC8351DFA865100093B38 /* TableViewCellFrame_SecondMenu.swift */ = {isa = PBXFileReference; fileEncoding = 4; lastKnownFileType = sourcecode.swift; name = TableViewCellFrame_SecondMenu.swift; path = View/TableViewCellFrame_SecondMenu.swift; sourceTree = "<group>"; };
		47EC22CB1E00C65800BD439D /* Messages.swift */ = {isa = PBXFileReference; fileEncoding = 4; lastKnownFileType = sourcecode.swift; name = Messages.swift; path = Other/Messages.swift; sourceTree = "<group>"; };
		47EC22CF1E00DEA000BD439D /* ProgressHUD.bundle */ = {isa = PBXFileReference; lastKnownFileType = "wrapper.plug-in"; path = ProgressHUD.bundle; sourceTree = "<group>"; };
		47EC22D01E00DEA000BD439D /* ProgressHUD.h */ = {isa = PBXFileReference; fileEncoding = 4; lastKnownFileType = sourcecode.c.h; path = ProgressHUD.h; sourceTree = "<group>"; };
		47EC22D11E00DEA000BD439D /* ProgressHUD.m */ = {isa = PBXFileReference; fileEncoding = 4; lastKnownFileType = sourcecode.c.objc; path = ProgressHUD.m; sourceTree = "<group>"; };
		47EC22D41E00DEC700BD439D /* bridging.h */ = {isa = PBXFileReference; lastKnownFileType = sourcecode.c.h; path = bridging.h; sourceTree = "<group>"; };
		47EC22F51E010D1F00BD439D /* LogIn.storyboard */ = {isa = PBXFileReference; fileEncoding = 4; lastKnownFileType = file.storyboard; name = LogIn.storyboard; path = Storyboard/LogIn.storyboard; sourceTree = "<group>"; };
		47EC22F61E010D1F00BD439D /* Main.storyboard */ = {isa = PBXFileReference; fileEncoding = 4; lastKnownFileType = file.storyboard; name = Main.storyboard; path = Storyboard/Main.storyboard; sourceTree = "<group>"; };
		47EC22F71E010D1F00BD439D /* OrdersList.storyboard */ = {isa = PBXFileReference; fileEncoding = 4; lastKnownFileType = file.storyboard; name = OrdersList.storyboard; path = Storyboard/OrdersList.storyboard; sourceTree = "<group>"; };
		47EC22F81E010D1F00BD439D /* TakeOrdersList.storyboard */ = {isa = PBXFileReference; fileEncoding = 4; lastKnownFileType = file.storyboard; name = TakeOrdersList.storyboard; path = Storyboard/TakeOrdersList.storyboard; sourceTree = "<group>"; };
		47EC22F91E010D1F00BD439D /* User.storyboard */ = {isa = PBXFileReference; fileEncoding = 4; lastKnownFileType = file.storyboard; name = User.storyboard; path = Storyboard/User.storyboard; sourceTree = "<group>"; };
		9D0718041E0133860071C352 /* L_LoginViewController.swift */ = {isa = PBXFileReference; fileEncoding = 4; lastKnownFileType = sourcecode.swift; name = L_LoginViewController.swift; path = Controller/L_LoginViewController.swift; sourceTree = "<group>"; };
		9D0718051E0133860071C352 /* L_RegistrationViewController.swift */ = {isa = PBXFileReference; fileEncoding = 4; lastKnownFileType = sourcecode.swift; name = L_RegistrationViewController.swift; path = Controller/L_RegistrationViewController.swift; sourceTree = "<group>"; };
		9D0718061E0133860071C352 /* O_MyOrdersTableViewController.swift */ = {isa = PBXFileReference; fileEncoding = 4; lastKnownFileType = sourcecode.swift; name = O_MyOrdersTableViewController.swift; path = Controller/O_MyOrdersTableViewController.swift; sourceTree = "<group>"; };
		9D0718071E0133860071C352 /* T_OrderDetailTableViewController.swift */ = {isa = PBXFileReference; fileEncoding = 4; lastKnownFileType = sourcecode.swift; name = T_OrderDetailTableViewController.swift; path = Controller/T_OrderDetailTableViewController.swift; sourceTree = "<group>"; };
		9D0718081E0133860071C352 /* T_TakeOrdersTableViewController.swift */ = {isa = PBXFileReference; fileEncoding = 4; lastKnownFileType = sourcecode.swift; name = T_TakeOrdersTableViewController.swift; path = Controller/T_TakeOrdersTableViewController.swift; sourceTree = "<group>"; };
		9D0718091E0133860071C352 /* U_MyCertificateTableViewController.swift */ = {isa = PBXFileReference; fileEncoding = 4; lastKnownFileType = sourcecode.swift; name = U_MyCertificateTableViewController.swift; path = Controller/U_MyCertificateTableViewController.swift; sourceTree = "<group>"; };
		9D07180A1E0133860071C352 /* U_MyCreditTableViewController.swift */ = {isa = PBXFileReference; fileEncoding = 4; lastKnownFileType = sourcecode.swift; name = U_MyCreditTableViewController.swift; path = Controller/U_MyCreditTableViewController.swift; sourceTree = "<group>"; };
		9D07180B1E0133860071C352 /* U_MyDataTableViewController.swift */ = {isa = PBXFileReference; fileEncoding = 4; lastKnownFileType = sourcecode.swift; name = U_MyDataTableViewController.swift; path = Controller/U_MyDataTableViewController.swift; sourceTree = "<group>"; };
		9D07180C1E0133860071C352 /* U_MyInformationTableViewController.swift */ = {isa = PBXFileReference; fileEncoding = 4; lastKnownFileType = sourcecode.swift; name = U_MyInformationTableViewController.swift; path = Controller/U_MyInformationTableViewController.swift; sourceTree = "<group>"; };
		9D0718161E0134140071C352 /* GenerateCodeView.swift */ = {isa = PBXFileReference; fileEncoding = 4; lastKnownFileType = sourcecode.swift; name = GenerateCodeView.swift; path = Other/GenerateCodeView.swift; sourceTree = "<group>"; };
		9D2C73D51E02375D003F05CC /* MJRefreshAutoFooter.h */ = {isa = PBXFileReference; fileEncoding = 4; lastKnownFileType = sourcecode.c.h; path = MJRefreshAutoFooter.h; sourceTree = "<group>"; };
		9D2C73D61E02375D003F05CC /* MJRefreshAutoFooter.m */ = {isa = PBXFileReference; fileEncoding = 4; lastKnownFileType = sourcecode.c.objc; path = MJRefreshAutoFooter.m; sourceTree = "<group>"; };
		9D2C73D71E02375D003F05CC /* MJRefreshBackFooter.h */ = {isa = PBXFileReference; fileEncoding = 4; lastKnownFileType = sourcecode.c.h; path = MJRefreshBackFooter.h; sourceTree = "<group>"; };
		9D2C73D81E02375D003F05CC /* MJRefreshBackFooter.m */ = {isa = PBXFileReference; fileEncoding = 4; lastKnownFileType = sourcecode.c.objc; path = MJRefreshBackFooter.m; sourceTree = "<group>"; };
		9D2C73D91E02375D003F05CC /* MJRefreshComponent.h */ = {isa = PBXFileReference; fileEncoding = 4; lastKnownFileType = sourcecode.c.h; path = MJRefreshComponent.h; sourceTree = "<group>"; };
		9D2C73DA1E02375D003F05CC /* MJRefreshComponent.m */ = {isa = PBXFileReference; fileEncoding = 4; lastKnownFileType = sourcecode.c.objc; path = MJRefreshComponent.m; sourceTree = "<group>"; };
		9D2C73DB1E02375D003F05CC /* MJRefreshFooter.h */ = {isa = PBXFileReference; fileEncoding = 4; lastKnownFileType = sourcecode.c.h; path = MJRefreshFooter.h; sourceTree = "<group>"; };
		9D2C73DC1E02375D003F05CC /* MJRefreshFooter.m */ = {isa = PBXFileReference; fileEncoding = 4; lastKnownFileType = sourcecode.c.objc; path = MJRefreshFooter.m; sourceTree = "<group>"; };
		9D2C73DD1E02375D003F05CC /* MJRefreshHeader.h */ = {isa = PBXFileReference; fileEncoding = 4; lastKnownFileType = sourcecode.c.h; path = MJRefreshHeader.h; sourceTree = "<group>"; };
		9D2C73DE1E02375D003F05CC /* MJRefreshHeader.m */ = {isa = PBXFileReference; fileEncoding = 4; lastKnownFileType = sourcecode.c.objc; path = MJRefreshHeader.m; sourceTree = "<group>"; };
		9D2C73E21E02375D003F05CC /* MJRefreshAutoGifFooter.h */ = {isa = PBXFileReference; fileEncoding = 4; lastKnownFileType = sourcecode.c.h; path = MJRefreshAutoGifFooter.h; sourceTree = "<group>"; };
		9D2C73E31E02375D003F05CC /* MJRefreshAutoGifFooter.m */ = {isa = PBXFileReference; fileEncoding = 4; lastKnownFileType = sourcecode.c.objc; path = MJRefreshAutoGifFooter.m; sourceTree = "<group>"; };
		9D2C73E41E02375D003F05CC /* MJRefreshAutoNormalFooter.h */ = {isa = PBXFileReference; fileEncoding = 4; lastKnownFileType = sourcecode.c.h; path = MJRefreshAutoNormalFooter.h; sourceTree = "<group>"; };
		9D2C73E51E02375D003F05CC /* MJRefreshAutoNormalFooter.m */ = {isa = PBXFileReference; fileEncoding = 4; lastKnownFileType = sourcecode.c.objc; path = MJRefreshAutoNormalFooter.m; sourceTree = "<group>"; };
		9D2C73E61E02375D003F05CC /* MJRefreshAutoStateFooter.h */ = {isa = PBXFileReference; fileEncoding = 4; lastKnownFileType = sourcecode.c.h; path = MJRefreshAutoStateFooter.h; sourceTree = "<group>"; };
		9D2C73E71E02375D003F05CC /* MJRefreshAutoStateFooter.m */ = {isa = PBXFileReference; fileEncoding = 4; lastKnownFileType = sourcecode.c.objc; path = MJRefreshAutoStateFooter.m; sourceTree = "<group>"; };
		9D2C73E91E02375D003F05CC /* MJRefreshBackGifFooter.h */ = {isa = PBXFileReference; fileEncoding = 4; lastKnownFileType = sourcecode.c.h; path = MJRefreshBackGifFooter.h; sourceTree = "<group>"; };
		9D2C73EA1E02375D003F05CC /* MJRefreshBackGifFooter.m */ = {isa = PBXFileReference; fileEncoding = 4; lastKnownFileType = sourcecode.c.objc; path = MJRefreshBackGifFooter.m; sourceTree = "<group>"; };
		9D2C73EB1E02375D003F05CC /* MJRefreshBackNormalFooter.h */ = {isa = PBXFileReference; fileEncoding = 4; lastKnownFileType = sourcecode.c.h; path = MJRefreshBackNormalFooter.h; sourceTree = "<group>"; };
		9D2C73EC1E02375D003F05CC /* MJRefreshBackNormalFooter.m */ = {isa = PBXFileReference; fileEncoding = 4; lastKnownFileType = sourcecode.c.objc; path = MJRefreshBackNormalFooter.m; sourceTree = "<group>"; };
		9D2C73ED1E02375D003F05CC /* MJRefreshBackStateFooter.h */ = {isa = PBXFileReference; fileEncoding = 4; lastKnownFileType = sourcecode.c.h; path = MJRefreshBackStateFooter.h; sourceTree = "<group>"; };
		9D2C73EE1E02375D003F05CC /* MJRefreshBackStateFooter.m */ = {isa = PBXFileReference; fileEncoding = 4; lastKnownFileType = sourcecode.c.objc; path = MJRefreshBackStateFooter.m; sourceTree = "<group>"; };
		9D2C73F01E02375D003F05CC /* MJRefreshGifHeader.h */ = {isa = PBXFileReference; fileEncoding = 4; lastKnownFileType = sourcecode.c.h; path = MJRefreshGifHeader.h; sourceTree = "<group>"; };
		9D2C73F11E02375D003F05CC /* MJRefreshGifHeader.m */ = {isa = PBXFileReference; fileEncoding = 4; lastKnownFileType = sourcecode.c.objc; path = MJRefreshGifHeader.m; sourceTree = "<group>"; };
		9D2C73F21E02375D003F05CC /* MJRefreshNormalHeader.h */ = {isa = PBXFileReference; fileEncoding = 4; lastKnownFileType = sourcecode.c.h; path = MJRefreshNormalHeader.h; sourceTree = "<group>"; };
		9D2C73F31E02375D003F05CC /* MJRefreshNormalHeader.m */ = {isa = PBXFileReference; fileEncoding = 4; lastKnownFileType = sourcecode.c.objc; path = MJRefreshNormalHeader.m; sourceTree = "<group>"; };
		9D2C73F41E02375D003F05CC /* MJRefreshStateHeader.h */ = {isa = PBXFileReference; fileEncoding = 4; lastKnownFileType = sourcecode.c.h; path = MJRefreshStateHeader.h; sourceTree = "<group>"; };
		9D2C73F51E02375D003F05CC /* MJRefreshStateHeader.m */ = {isa = PBXFileReference; fileEncoding = 4; lastKnownFileType = sourcecode.c.objc; path = MJRefreshStateHeader.m; sourceTree = "<group>"; };
		9D2C73F61E02375D003F05CC /* MJRefresh.bundle */ = {isa = PBXFileReference; lastKnownFileType = "wrapper.plug-in"; path = MJRefresh.bundle; sourceTree = "<group>"; };
		9D2C73F71E02375D003F05CC /* MJRefresh.h */ = {isa = PBXFileReference; fileEncoding = 4; lastKnownFileType = sourcecode.c.h; path = MJRefresh.h; sourceTree = "<group>"; };
		9D2C73F81E02375D003F05CC /* MJRefreshConst.h */ = {isa = PBXFileReference; fileEncoding = 4; lastKnownFileType = sourcecode.c.h; path = MJRefreshConst.h; sourceTree = "<group>"; };
		9D2C73F91E02375D003F05CC /* MJRefreshConst.m */ = {isa = PBXFileReference; fileEncoding = 4; lastKnownFileType = sourcecode.c.objc; path = MJRefreshConst.m; sourceTree = "<group>"; };
		9D2C73FA1E02375D003F05CC /* NSBundle+MJRefresh.h */ = {isa = PBXFileReference; fileEncoding = 4; lastKnownFileType = sourcecode.c.h; path = "NSBundle+MJRefresh.h"; sourceTree = "<group>"; };
		9D2C73FB1E02375D003F05CC /* NSBundle+MJRefresh.m */ = {isa = PBXFileReference; fileEncoding = 4; lastKnownFileType = sourcecode.c.objc; path = "NSBundle+MJRefresh.m"; sourceTree = "<group>"; };
		9D2C73FC1E02375D003F05CC /* UIScrollView+MJExtension.h */ = {isa = PBXFileReference; fileEncoding = 4; lastKnownFileType = sourcecode.c.h; path = "UIScrollView+MJExtension.h"; sourceTree = "<group>"; };
		9D2C73FD1E02375D003F05CC /* UIScrollView+MJExtension.m */ = {isa = PBXFileReference; fileEncoding = 4; lastKnownFileType = sourcecode.c.objc; path = "UIScrollView+MJExtension.m"; sourceTree = "<group>"; };
		9D2C73FE1E02375D003F05CC /* UIScrollView+MJRefresh.h */ = {isa = PBXFileReference; fileEncoding = 4; lastKnownFileType = sourcecode.c.h; path = "UIScrollView+MJRefresh.h"; sourceTree = "<group>"; };
		9D2C73FF1E02375D003F05CC /* UIScrollView+MJRefresh.m */ = {isa = PBXFileReference; fileEncoding = 4; lastKnownFileType = sourcecode.c.objc; path = "UIScrollView+MJRefresh.m"; sourceTree = "<group>"; };
		9D2C74001E02375D003F05CC /* UIView+MJExtension.h */ = {isa = PBXFileReference; fileEncoding = 4; lastKnownFileType = sourcecode.c.h; path = "UIView+MJExtension.h"; sourceTree = "<group>"; };
		9D2C74011E02375D003F05CC /* UIView+MJExtension.m */ = {isa = PBXFileReference; fileEncoding = 4; lastKnownFileType = sourcecode.c.objc; path = "UIView+MJExtension.m"; sourceTree = "<group>"; };
		CB8360061E07B4AC000B032A /* O_OrderDetailTableViewController.swift */ = {isa = PBXFileReference; fileEncoding = 4; lastKnownFileType = sourcecode.swift; path = O_OrderDetailTableViewController.swift; sourceTree = "<group>"; };
		CB8360081E07B5E8000B032A /* O_EvaluateViewController.swift */ = {isa = PBXFileReference; fileEncoding = 4; lastKnownFileType = sourcecode.swift; path = O_EvaluateViewController.swift; sourceTree = "<group>"; };
/* End PBXFileReference section */

/* Begin PBXFrameworksBuildPhase section */
		4721AD6D1DF7B8E4000CD963 /* Frameworks */ = {
			isa = PBXFrameworksBuildPhase;
			buildActionMask = 2147483647;
			files = (
			);
			runOnlyForDeploymentPostprocessing = 0;
		};
/* End PBXFrameworksBuildPhase section */

/* Begin PBXGroup section */
		4721AD671DF7B8E3000CD963 = {
			isa = PBXGroup;
			children = (
				4721AD721DF7B8E4000CD963 /* PerseusShelfUnion */,
				4721AD711DF7B8E4000CD963 /* Products */,
			);
			sourceTree = "<group>";
		};
		4721AD711DF7B8E4000CD963 /* Products */ = {
			isa = PBXGroup;
			children = (
				4721AD701DF7B8E4000CD963 /* PerseusShelfUnion.app */,
			);
			name = Products;
			sourceTree = "<group>";
		};
		4721AD721DF7B8E4000CD963 /* PerseusShelfUnion */ = {
			isa = PBXGroup;
			children = (
				47EC22CD1E00C75700BD439D /* ThirdPartyControls */,
				47EC22C81E00C60B00BD439D /* Other */,
				4721AD8A1DF7CB9E000CD963 /* Model */,
				4721AD891DF7CB87000CD963 /* View */,
				4721AD881DF7BBCC000CD963 /* Controller */,
				4721AD8B1DF7CC95000CD963 /* Storyboard */,
				4721AD731DF7B8E4000CD963 /* AppDelegate.swift */,
				4721AD7D1DF7B8E4000CD963 /* Assets.xcassets */,
				476AC8191DF9340D00093B38 /* Icons.xcassets */,
				4721AD7F1DF7B8E4000CD963 /* LaunchScreen.storyboard */,
				4721AD821DF7B8E4000CD963 /* Info.plist */,
				4721AD7A1DF7B8E4000CD963 /* PerseusShelfUnion.xcdatamodeld */,
				47EC22D41E00DEC700BD439D /* bridging.h */,
			);
			path = PerseusShelfUnion;
			sourceTree = "<group>";
		};
		4721AD881DF7BBCC000CD963 /* Controller */ = {
			isa = PBXGroup;
			children = (
				9D0718041E0133860071C352 /* L_LoginViewController.swift */,
				9D0718051E0133860071C352 /* L_RegistrationViewController.swift */,
				9D0718061E0133860071C352 /* O_MyOrdersTableViewController.swift */,
				9D0718071E0133860071C352 /* T_OrderDetailTableViewController.swift */,
				9D0718081E0133860071C352 /* T_TakeOrdersTableViewController.swift */,
				9D0718091E0133860071C352 /* U_MyCertificateTableViewController.swift */,
				9D07180A1E0133860071C352 /* U_MyCreditTableViewController.swift */,
				9D07180B1E0133860071C352 /* U_MyDataTableViewController.swift */,
				9D07180C1E0133860071C352 /* U_MyInformationTableViewController.swift */,
				47087BA81E077D3A00C2BE89 /* O_OrderInformationViewController.swift */,
				CB8360061E07B4AC000B032A /* O_OrderDetailTableViewController.swift */,
				CB8360081E07B5E8000B032A /* O_EvaluateViewController.swift */,
			);
			name = Controller;
			sourceTree = "<group>";
		};
		4721AD891DF7CB87000CD963 /* View */ = {
			isa = PBXGroup;
			children = (
				476AC8311DFA7ECE00093B38 /* TextFieldFrame.swift */,
				476AC82D1DFA715900093B38 /* TableViewCellFrame.swift */,
				476AC8331DFA809900093B38 /* TableViewCellFrame_Top.swift */,
				476AC8351DFA865100093B38 /* TableViewCellFrame_SecondMenu.swift */,
				470706C01DFE7F4F00F27AAF /* TableViewCellFrame_Middle.swift */,
				470706C21DFF8BA300F27AAF /* ButtonRed.swift */,
				470706C61DFFA0D800F27AAF /* TableButton_Red.swift */,
				470706C81DFFA0F500F27AAF /* ButtonWhite.swift */,
				470706CA1DFFA11E00F27AAF /* TableButton_White.swift */,
				472587401E025DC700B9D108 /* HasOrderedLabel.swift */,
				472587421E03B9E200B9D108 /* T_OrderDetailTableViewCell.swift */,
			);
			name = View;
			sourceTree = "<group>";
		};
		4721AD8A1DF7CB9E000CD963 /* Model */ = {
			isa = PBXGroup;
			children = (
			);
			name = Model;
			sourceTree = "<group>";
		};
		4721AD8B1DF7CC95000CD963 /* Storyboard */ = {
			isa = PBXGroup;
			children = (
				47EC22F51E010D1F00BD439D /* LogIn.storyboard */,
				47EC22F61E010D1F00BD439D /* Main.storyboard */,
				47EC22F81E010D1F00BD439D /* TakeOrdersList.storyboard */,
				47EC22F71E010D1F00BD439D /* OrdersList.storyboard */,
				47EC22F91E010D1F00BD439D /* User.storyboard */,
			);
			name = Storyboard;
			sourceTree = "<group>";
		};
		47EC22C81E00C60B00BD439D /* Other */ = {
			isa = PBXGroup;
			children = (
				9D0718161E0134140071C352 /* GenerateCodeView.swift */,
				47EC22CB1E00C65800BD439D /* Messages.swift */,
			);
			name = Other;
			sourceTree = "<group>";
		};
		47EC22CD1E00C75700BD439D /* ThirdPartyControls */ = {
			isa = PBXGroup;
			children = (
				9D2C73D31E02375D003F05CC /* MJRefresh */,
				47EC22CE1E00DEA000BD439D /* ProgressHUD */,
			);
			name = ThirdPartyControls;
			sourceTree = "<group>";
		};
		47EC22CE1E00DEA000BD439D /* ProgressHUD */ = {
			isa = PBXGroup;
			children = (
				47EC22CF1E00DEA000BD439D /* ProgressHUD.bundle */,
				47EC22D01E00DEA000BD439D /* ProgressHUD.h */,
				47EC22D11E00DEA000BD439D /* ProgressHUD.m */,
			);
			name = ProgressHUD;
			path = ThirdPartyControls/ProgressHUD;
			sourceTree = "<group>";
		};
		9D2C73D31E02375D003F05CC /* MJRefresh */ = {
			isa = PBXGroup;
			children = (
				9D2C73D41E02375D003F05CC /* Base */,
				9D2C73DF1E02375D003F05CC /* Custom */,
				9D2C73F61E02375D003F05CC /* MJRefresh.bundle */,
				9D2C73F71E02375D003F05CC /* MJRefresh.h */,
				9D2C73F81E02375D003F05CC /* MJRefreshConst.h */,
				9D2C73F91E02375D003F05CC /* MJRefreshConst.m */,
				9D2C73FA1E02375D003F05CC /* NSBundle+MJRefresh.h */,
				9D2C73FB1E02375D003F05CC /* NSBundle+MJRefresh.m */,
				9D2C73FC1E02375D003F05CC /* UIScrollView+MJExtension.h */,
				9D2C73FD1E02375D003F05CC /* UIScrollView+MJExtension.m */,
				9D2C73FE1E02375D003F05CC /* UIScrollView+MJRefresh.h */,
				9D2C73FF1E02375D003F05CC /* UIScrollView+MJRefresh.m */,
				9D2C74001E02375D003F05CC /* UIView+MJExtension.h */,
				9D2C74011E02375D003F05CC /* UIView+MJExtension.m */,
			);
			name = MJRefresh;
			path = ThirdPartyControls/MJRefresh;
			sourceTree = "<group>";
		};
		9D2C73D41E02375D003F05CC /* Base */ = {
			isa = PBXGroup;
			children = (
				9D2C73D51E02375D003F05CC /* MJRefreshAutoFooter.h */,
				9D2C73D61E02375D003F05CC /* MJRefreshAutoFooter.m */,
				9D2C73D71E02375D003F05CC /* MJRefreshBackFooter.h */,
				9D2C73D81E02375D003F05CC /* MJRefreshBackFooter.m */,
				9D2C73D91E02375D003F05CC /* MJRefreshComponent.h */,
				9D2C73DA1E02375D003F05CC /* MJRefreshComponent.m */,
				9D2C73DB1E02375D003F05CC /* MJRefreshFooter.h */,
				9D2C73DC1E02375D003F05CC /* MJRefreshFooter.m */,
				9D2C73DD1E02375D003F05CC /* MJRefreshHeader.h */,
				9D2C73DE1E02375D003F05CC /* MJRefreshHeader.m */,
			);
			path = Base;
			sourceTree = "<group>";
		};
		9D2C73DF1E02375D003F05CC /* Custom */ = {
			isa = PBXGroup;
			children = (
				9D2C73E01E02375D003F05CC /* Footer */,
				9D2C73EF1E02375D003F05CC /* Header */,
			);
			path = Custom;
			sourceTree = "<group>";
		};
		9D2C73E01E02375D003F05CC /* Footer */ = {
			isa = PBXGroup;
			children = (
				9D2C73E11E02375D003F05CC /* Auto */,
				9D2C73E81E02375D003F05CC /* Back */,
			);
			path = Footer;
			sourceTree = "<group>";
		};
		9D2C73E11E02375D003F05CC /* Auto */ = {
			isa = PBXGroup;
			children = (
				9D2C73E21E02375D003F05CC /* MJRefreshAutoGifFooter.h */,
				9D2C73E31E02375D003F05CC /* MJRefreshAutoGifFooter.m */,
				9D2C73E41E02375D003F05CC /* MJRefreshAutoNormalFooter.h */,
				9D2C73E51E02375D003F05CC /* MJRefreshAutoNormalFooter.m */,
				9D2C73E61E02375D003F05CC /* MJRefreshAutoStateFooter.h */,
				9D2C73E71E02375D003F05CC /* MJRefreshAutoStateFooter.m */,
			);
			path = Auto;
			sourceTree = "<group>";
		};
		9D2C73E81E02375D003F05CC /* Back */ = {
			isa = PBXGroup;
			children = (
				9D2C73E91E02375D003F05CC /* MJRefreshBackGifFooter.h */,
				9D2C73EA1E02375D003F05CC /* MJRefreshBackGifFooter.m */,
				9D2C73EB1E02375D003F05CC /* MJRefreshBackNormalFooter.h */,
				9D2C73EC1E02375D003F05CC /* MJRefreshBackNormalFooter.m */,
				9D2C73ED1E02375D003F05CC /* MJRefreshBackStateFooter.h */,
				9D2C73EE1E02375D003F05CC /* MJRefreshBackStateFooter.m */,
			);
			path = Back;
			sourceTree = "<group>";
		};
		9D2C73EF1E02375D003F05CC /* Header */ = {
			isa = PBXGroup;
			children = (
				9D2C73F01E02375D003F05CC /* MJRefreshGifHeader.h */,
				9D2C73F11E02375D003F05CC /* MJRefreshGifHeader.m */,
				9D2C73F21E02375D003F05CC /* MJRefreshNormalHeader.h */,
				9D2C73F31E02375D003F05CC /* MJRefreshNormalHeader.m */,
				9D2C73F41E02375D003F05CC /* MJRefreshStateHeader.h */,
				9D2C73F51E02375D003F05CC /* MJRefreshStateHeader.m */,
			);
			path = Header;
			sourceTree = "<group>";
		};
/* End PBXGroup section */

/* Begin PBXNativeTarget section */
		4721AD6F1DF7B8E4000CD963 /* PerseusShelfUnion */ = {
			isa = PBXNativeTarget;
			buildConfigurationList = 4721AD851DF7B8E4000CD963 /* Build configuration list for PBXNativeTarget "PerseusShelfUnion" */;
			buildPhases = (
				4721AD6C1DF7B8E4000CD963 /* Sources */,
				4721AD6D1DF7B8E4000CD963 /* Frameworks */,
				4721AD6E1DF7B8E4000CD963 /* Resources */,
			);
			buildRules = (
			);
			dependencies = (
			);
			name = PerseusShelfUnion;
			productName = PerseusShelfUnion;
			productReference = 4721AD701DF7B8E4000CD963 /* PerseusShelfUnion.app */;
			productType = "com.apple.product-type.application";
		};
/* End PBXNativeTarget section */

/* Begin PBXProject section */
		4721AD681DF7B8E3000CD963 /* Project object */ = {
			isa = PBXProject;
			attributes = {
				LastSwiftUpdateCheck = 0810;
				LastUpgradeCheck = 0820;
				ORGANIZATIONNAME = XHVolunteeriOS;
				TargetAttributes = {
					4721AD6F1DF7B8E4000CD963 = {
						CreatedOnToolsVersion = 8.1;
						ProvisioningStyle = Automatic;
					};
				};
			};
			buildConfigurationList = 4721AD6B1DF7B8E3000CD963 /* Build configuration list for PBXProject "PerseusShelfUnion" */;
			compatibilityVersion = "Xcode 8.0";
			developmentRegion = English;
			hasScannedForEncodings = 0;
			knownRegions = (
				en,
				Base,
			);
			mainGroup = 4721AD671DF7B8E3000CD963;
			productRefGroup = 4721AD711DF7B8E4000CD963 /* Products */;
			projectDirPath = "";
			projectRoot = "";
			targets = (
				4721AD6F1DF7B8E4000CD963 /* PerseusShelfUnion */,
			);
		};
/* End PBXProject section */

/* Begin PBXResourcesBuildPhase section */
		4721AD6E1DF7B8E4000CD963 /* Resources */ = {
			isa = PBXResourcesBuildPhase;
			buildActionMask = 2147483647;
			files = (
				47EC22FD1E010D1F00BD439D /* TakeOrdersList.storyboard in Resources */,
				4721AD811DF7B8E4000CD963 /* LaunchScreen.storyboard in Resources */,
				4721AD7E1DF7B8E4000CD963 /* Assets.xcassets in Resources */,
				47EC22D21E00DEA000BD439D /* ProgressHUD.bundle in Resources */,
				47EC22FB1E010D1F00BD439D /* Main.storyboard in Resources */,
				476AC81A1DF9340D00093B38 /* Icons.xcassets in Resources */,
				47EC22FC1E010D1F00BD439D /* OrdersList.storyboard in Resources */,
				47EC22FA1E010D1F00BD439D /* LogIn.storyboard in Resources */,
				9D2C74101E02375D003F05CC /* MJRefresh.bundle in Resources */,
				47EC22FE1E010D1F00BD439D /* User.storyboard in Resources */,
			);
			runOnlyForDeploymentPostprocessing = 0;
		};
/* End PBXResourcesBuildPhase section */

/* Begin PBXSourcesBuildPhase section */
		4721AD6C1DF7B8E4000CD963 /* Sources */ = {
			isa = PBXSourcesBuildPhase;
			buildActionMask = 2147483647;
			files = (
				476AC8341DFA809900093B38 /* TableViewCellFrame_Top.swift in Sources */,
				47087BA91E077D3A00C2BE89 /* O_OrderInformationViewController.swift in Sources */,
				9D2C740F1E02375D003F05CC /* MJRefreshStateHeader.m in Sources */,
				47EC22D31E00DEA000BD439D /* ProgressHUD.m in Sources */,
				476AC8321DFA7ECE00093B38 /* TextFieldFrame.swift in Sources */,
				9D2C74131E02375D003F05CC /* UIScrollView+MJExtension.m in Sources */,
				9D2C740D1E02375D003F05CC /* MJRefreshGifHeader.m in Sources */,
				9D2C740B1E02375D003F05CC /* MJRefreshBackNormalFooter.m in Sources */,
				9D2C74061E02375D003F05CC /* MJRefreshHeader.m in Sources */,
				9D07180D1E0133860071C352 /* L_LoginViewController.swift in Sources */,
				470706C71DFFA0D800F27AAF /* TableButton_Red.swift in Sources */,
				470706C91DFFA0F500F27AAF /* ButtonWhite.swift in Sources */,
				9D0718171E0134140071C352 /* GenerateCodeView.swift in Sources */,
				4721AD7C1DF7B8E4000CD963 /* PerseusShelfUnion.xcdatamodeld in Sources */,
				9D2C74041E02375D003F05CC /* MJRefreshComponent.m in Sources */,
				472587431E03B9E200B9D108 /* T_OrderDetailTableViewCell.swift in Sources */,
				9D0718101E0133860071C352 /* T_OrderDetailTableViewController.swift in Sources */,
				9D2C74081E02375D003F05CC /* MJRefreshAutoNormalFooter.m in Sources */,
				9D07180E1E0133860071C352 /* L_RegistrationViewController.swift in Sources */,
				9D07180F1E0133860071C352 /* O_MyOrdersTableViewController.swift in Sources */,
				9D0718151E0133860071C352 /* U_MyInformationTableViewController.swift in Sources */,
				9D2C740A1E02375D003F05CC /* MJRefreshBackGifFooter.m in Sources */,
				9D2C740E1E02375D003F05CC /* MJRefreshNormalHeader.m in Sources */,
				9D0718111E0133860071C352 /* T_TakeOrdersTableViewController.swift in Sources */,
				9D2C74091E02375D003F05CC /* MJRefreshAutoStateFooter.m in Sources */,
				CB8360071E07B4AC000B032A /* O_OrderDetailTableViewController.swift in Sources */,
				9D2C74111E02375D003F05CC /* MJRefreshConst.m in Sources */,
				9D0718121E0133860071C352 /* U_MyCertificateTableViewController.swift in Sources */,
				472587411E025DC700B9D108 /* HasOrderedLabel.swift in Sources */,
				9D2C740C1E02375D003F05CC /* MJRefreshBackStateFooter.m in Sources */,
				4721AD741DF7B8E4000CD963 /* AppDelegate.swift in Sources */,
				476AC82E1DFA715900093B38 /* TableViewCellFrame.swift in Sources */,
				9D0718131E0133860071C352 /* U_MyCreditTableViewController.swift in Sources */,
				9D2C74121E02375D003F05CC /* NSBundle+MJRefresh.m in Sources */,
				9D2C74071E02375D003F05CC /* MJRefreshAutoGifFooter.m in Sources */,
				9D2C74151E02375D003F05CC /* UIView+MJExtension.m in Sources */,
				9D2C74141E02375D003F05CC /* UIScrollView+MJRefresh.m in Sources */,
				47EC22CC1E00C65800BD439D /* Messages.swift in Sources */,
				9D2C74031E02375D003F05CC /* MJRefreshBackFooter.m in Sources */,
				470706C11DFE7F4F00F27AAF /* TableViewCellFrame_Middle.swift in Sources */,
				CB8360091E07B5E8000B032A /* O_EvaluateViewController.swift in Sources */,
				470706C31DFF8BA300F27AAF /* ButtonRed.swift in Sources */,
				9D0718141E0133860071C352 /* U_MyDataTableViewController.swift in Sources */,
				9D2C74051E02375D003F05CC /* MJRefreshFooter.m in Sources */,
				470706CB1DFFA11E00F27AAF /* TableButton_White.swift in Sources */,
				9D2C74021E02375D003F05CC /* MJRefreshAutoFooter.m in Sources */,
				476AC8361DFA865100093B38 /* TableViewCellFrame_SecondMenu.swift in Sources */,
			);
			runOnlyForDeploymentPostprocessing = 0;
		};
/* End PBXSourcesBuildPhase section */

/* Begin PBXVariantGroup section */
		4721AD7F1DF7B8E4000CD963 /* LaunchScreen.storyboard */ = {
			isa = PBXVariantGroup;
			children = (
				4721AD801DF7B8E4000CD963 /* Base */,
			);
			name = LaunchScreen.storyboard;
			sourceTree = "<group>";
		};
/* End PBXVariantGroup section */

/* Begin XCBuildConfiguration section */
		4721AD831DF7B8E4000CD963 /* Debug */ = {
			isa = XCBuildConfiguration;
			buildSettings = {
				ALWAYS_SEARCH_USER_PATHS = NO;
				CLANG_ANALYZER_NONNULL = YES;
				CLANG_CXX_LANGUAGE_STANDARD = "gnu++0x";
				CLANG_CXX_LIBRARY = "libc++";
				CLANG_ENABLE_MODULES = YES;
				CLANG_ENABLE_OBJC_ARC = YES;
				CLANG_WARN_BOOL_CONVERSION = YES;
				CLANG_WARN_CONSTANT_CONVERSION = YES;
				CLANG_WARN_DIRECT_OBJC_ISA_USAGE = YES_ERROR;
				CLANG_WARN_DOCUMENTATION_COMMENTS = YES;
				CLANG_WARN_EMPTY_BODY = YES;
				CLANG_WARN_ENUM_CONVERSION = YES;
				CLANG_WARN_INFINITE_RECURSION = YES;
				CLANG_WARN_INT_CONVERSION = YES;
				CLANG_WARN_OBJC_ROOT_CLASS = YES_ERROR;
				CLANG_WARN_SUSPICIOUS_MOVE = YES;
				CLANG_WARN_SUSPICIOUS_MOVES = YES;
				CLANG_WARN_UNREACHABLE_CODE = YES;
				CLANG_WARN__DUPLICATE_METHOD_MATCH = YES;
				"CODE_SIGN_IDENTITY[sdk=iphoneos*]" = "iPhone Developer";
				COPY_PHASE_STRIP = NO;
				DEBUG_INFORMATION_FORMAT = dwarf;
				ENABLE_STRICT_OBJC_MSGSEND = YES;
				ENABLE_TESTABILITY = YES;
				GCC_C_LANGUAGE_STANDARD = gnu99;
				GCC_DYNAMIC_NO_PIC = NO;
				GCC_NO_COMMON_BLOCKS = YES;
				GCC_OPTIMIZATION_LEVEL = 0;
				GCC_PREPROCESSOR_DEFINITIONS = (
					"DEBUG=1",
					"$(inherited)",
				);
				GCC_WARN_64_TO_32_BIT_CONVERSION = YES;
				GCC_WARN_ABOUT_RETURN_TYPE = YES_ERROR;
				GCC_WARN_UNDECLARED_SELECTOR = YES;
				GCC_WARN_UNINITIALIZED_AUTOS = YES_AGGRESSIVE;
				GCC_WARN_UNUSED_FUNCTION = YES;
				GCC_WARN_UNUSED_VARIABLE = YES;
				IPHONEOS_DEPLOYMENT_TARGET = 10.1;
				MTL_ENABLE_DEBUG_INFO = YES;
				ONLY_ACTIVE_ARCH = YES;
				SDKROOT = iphoneos;
				SWIFT_ACTIVE_COMPILATION_CONDITIONS = DEBUG;
				SWIFT_OPTIMIZATION_LEVEL = "-Onone";
			};
			name = Debug;
		};
		4721AD841DF7B8E4000CD963 /* Release */ = {
			isa = XCBuildConfiguration;
			buildSettings = {
				ALWAYS_SEARCH_USER_PATHS = NO;
				CLANG_ANALYZER_NONNULL = YES;
				CLANG_CXX_LANGUAGE_STANDARD = "gnu++0x";
				CLANG_CXX_LIBRARY = "libc++";
				CLANG_ENABLE_MODULES = YES;
				CLANG_ENABLE_OBJC_ARC = YES;
				CLANG_WARN_BOOL_CONVERSION = YES;
				CLANG_WARN_CONSTANT_CONVERSION = YES;
				CLANG_WARN_DIRECT_OBJC_ISA_USAGE = YES_ERROR;
				CLANG_WARN_DOCUMENTATION_COMMENTS = YES;
				CLANG_WARN_EMPTY_BODY = YES;
				CLANG_WARN_ENUM_CONVERSION = YES;
				CLANG_WARN_INFINITE_RECURSION = YES;
				CLANG_WARN_INT_CONVERSION = YES;
				CLANG_WARN_OBJC_ROOT_CLASS = YES_ERROR;
				CLANG_WARN_SUSPICIOUS_MOVE = YES;
				CLANG_WARN_SUSPICIOUS_MOVES = YES;
				CLANG_WARN_UNREACHABLE_CODE = YES;
				CLANG_WARN__DUPLICATE_METHOD_MATCH = YES;
				"CODE_SIGN_IDENTITY[sdk=iphoneos*]" = "iPhone Developer";
				COPY_PHASE_STRIP = NO;
				DEBUG_INFORMATION_FORMAT = "dwarf-with-dsym";
				ENABLE_NS_ASSERTIONS = NO;
				ENABLE_STRICT_OBJC_MSGSEND = YES;
				GCC_C_LANGUAGE_STANDARD = gnu99;
				GCC_NO_COMMON_BLOCKS = YES;
				GCC_WARN_64_TO_32_BIT_CONVERSION = YES;
				GCC_WARN_ABOUT_RETURN_TYPE = YES_ERROR;
				GCC_WARN_UNDECLARED_SELECTOR = YES;
				GCC_WARN_UNINITIALIZED_AUTOS = YES_AGGRESSIVE;
				GCC_WARN_UNUSED_FUNCTION = YES;
				GCC_WARN_UNUSED_VARIABLE = YES;
				IPHONEOS_DEPLOYMENT_TARGET = 10.1;
				MTL_ENABLE_DEBUG_INFO = NO;
				SDKROOT = iphoneos;
				SWIFT_OPTIMIZATION_LEVEL = "-Owholemodule";
				VALIDATE_PRODUCT = YES;
			};
			name = Release;
		};
		4721AD861DF7B8E4000CD963 /* Debug */ = {
			isa = XCBuildConfiguration;
			buildSettings = {
				ASSETCATALOG_COMPILER_APPICON_NAME = AppIcon;
				CODE_SIGN_IDENTITY = "iPhone Developer";
				DEVELOPMENT_TEAM = 533BE66A65;
				INFOPLIST_FILE = PerseusShelfUnion/Info.plist;
				IPHONEOS_DEPLOYMENT_TARGET = 9.2;
				LD_RUNPATH_SEARCH_PATHS = "$(inherited) @executable_path/Frameworks";
				PRODUCT_BUNDLE_IDENTIFIER = com.XHVolunteeriOS.PerseusShelfUnion;
				PRODUCT_NAME = "$(TARGET_NAME)";
				SWIFT_OBJC_BRIDGING_HEADER = PerseusShelfUnion/bridging.h;
				SWIFT_VERSION = 3.0;
				TARGETED_DEVICE_FAMILY = "1,2";
			};
			name = Debug;
		};
		4721AD871DF7B8E4000CD963 /* Release */ = {
			isa = XCBuildConfiguration;
			buildSettings = {
				ASSETCATALOG_COMPILER_APPICON_NAME = AppIcon;
				CODE_SIGN_IDENTITY = "iPhone Developer";
				"CODE_SIGN_IDENTITY[sdk=iphoneos*]" = "iPhone Developer";
				DEVELOPMENT_TEAM = 533BE66A65;
				INFOPLIST_FILE = PerseusShelfUnion/Info.plist;
				IPHONEOS_DEPLOYMENT_TARGET = 9.2;
				LD_RUNPATH_SEARCH_PATHS = "$(inherited) @executable_path/Frameworks";
				PRODUCT_BUNDLE_IDENTIFIER = com.XHVolunteeriOS.PerseusShelfUnion;
				PRODUCT_NAME = "$(TARGET_NAME)";
				SWIFT_OBJC_BRIDGING_HEADER = PerseusShelfUnion/bridging.h;
				SWIFT_VERSION = 3.0;
				TARGETED_DEVICE_FAMILY = "1,2";
			};
			name = Release;
		};
/* End XCBuildConfiguration section */

/* Begin XCConfigurationList section */
		4721AD6B1DF7B8E3000CD963 /* Build configuration list for PBXProject "PerseusShelfUnion" */ = {
			isa = XCConfigurationList;
			buildConfigurations = (
				4721AD831DF7B8E4000CD963 /* Debug */,
				4721AD841DF7B8E4000CD963 /* Release */,
			);
			defaultConfigurationIsVisible = 0;
			defaultConfigurationName = Release;
		};
		4721AD851DF7B8E4000CD963 /* Build configuration list for PBXNativeTarget "PerseusShelfUnion" */ = {
			isa = XCConfigurationList;
			buildConfigurations = (
				4721AD861DF7B8E4000CD963 /* Debug */,
				4721AD871DF7B8E4000CD963 /* Release */,
			);
			defaultConfigurationIsVisible = 0;
			defaultConfigurationName = Release;
		};
/* End XCConfigurationList section */

/* Begin XCVersionGroup section */
		4721AD7A1DF7B8E4000CD963 /* PerseusShelfUnion.xcdatamodeld */ = {
			isa = XCVersionGroup;
			children = (
				4721AD7B1DF7B8E4000CD963 /* PerseusShelfUnion.xcdatamodel */,
			);
			currentVersion = 4721AD7B1DF7B8E4000CD963 /* PerseusShelfUnion.xcdatamodel */;
			path = PerseusShelfUnion.xcdatamodeld;
			sourceTree = "<group>";
			versionGroupType = wrapper.xcdatamodel;
		};
/* End XCVersionGroup section */
	};
	rootObject = 4721AD681DF7B8E3000CD963 /* Project object */;
}
