// !$*UTF8*$!
{
	archiveVersion = 1;
	classes = {
	};
	objectVersion = 48;
	objects = {

/* Begin PBXBuildFile section */
		4721AD741DF7B8E4000CD963 /* AppDelegate.swift in Sources */ = {isa = PBXBuildFile; fileRef = 4721AD731DF7B8E4000CD963 /* AppDelegate.swift */; };
		4721AD761DF7B8E4000CD963 /* ViewController.swift in Sources */ = {isa = PBXBuildFile; fileRef = 4721AD751DF7B8E4000CD963 /* ViewController.swift */; };
		4721AD7C1DF7B8E4000CD963 /* PerseusShelfUnion.xcdatamodeld in Sources */ = {isa = PBXBuildFile; fileRef = 4721AD7A1DF7B8E4000CD963 /* PerseusShelfUnion.xcdatamodeld */; };
		4721AD7E1DF7B8E4000CD963 /* Assets.xcassets in Resources */ = {isa = PBXBuildFile; fileRef = 4721AD7D1DF7B8E4000CD963 /* Assets.xcassets */; };
		4721AD811DF7B8E4000CD963 /* LaunchScreen.storyboard in Resources */ = {isa = PBXBuildFile; fileRef = 4721AD7F1DF7B8E4000CD963 /* LaunchScreen.storyboard */; };
		476AC81A1DF9340D00093B38 /* Icons.xcassets in Resources */ = {isa = PBXBuildFile; fileRef = 476AC8191DF9340D00093B38 /* Icons.xcassets */; };
		476AC8281DFA70F000093B38 /* LogIn.storyboard in Resources */ = {isa = PBXBuildFile; fileRef = 476AC8231DFA70F000093B38 /* LogIn.storyboard */; };
		476AC8291DFA70F000093B38 /* Main.storyboard in Resources */ = {isa = PBXBuildFile; fileRef = 476AC8241DFA70F000093B38 /* Main.storyboard */; };
		476AC82A1DFA70F000093B38 /* OrdersList.storyboard in Resources */ = {isa = PBXBuildFile; fileRef = 476AC8251DFA70F000093B38 /* OrdersList.storyboard */; };
		476AC82B1DFA70F000093B38 /* TakeOrdersList.storyboard in Resources */ = {isa = PBXBuildFile; fileRef = 476AC8261DFA70F000093B38 /* TakeOrdersList.storyboard */; };
		476AC82C1DFA70F000093B38 /* User.storyboard in Resources */ = {isa = PBXBuildFile; fileRef = 476AC8271DFA70F000093B38 /* User.storyboard */; };
		476AC82E1DFA715900093B38 /* TableViewCellFrame.swift in Sources */ = {isa = PBXBuildFile; fileRef = 476AC82D1DFA715900093B38 /* TableViewCellFrame.swift */; };
		476AC8321DFA7ECE00093B38 /* TextFieldFrame.swift in Sources */ = {isa = PBXBuildFile; fileRef = 476AC8311DFA7ECE00093B38 /* TextFieldFrame.swift */; };
		476AC8341DFA809900093B38 /* TableViewCellFrame_Top.swift in Sources */ = {isa = PBXBuildFile; fileRef = 476AC8331DFA809900093B38 /* TableViewCellFrame_Top.swift */; };
		476AC8361DFA865100093B38 /* TableViewCellFrame_SecondMenu.swift in Sources */ = {isa = PBXBuildFile; fileRef = 476AC8351DFA865100093B38 /* TableViewCellFrame_SecondMenu.swift */; };
/* End PBXBuildFile section */

/* Begin PBXFileReference section */
		4721AD701DF7B8E4000CD963 /* PerseusShelfUnion.app */ = {isa = PBXFileReference; explicitFileType = wrapper.application; includeInIndex = 0; path = PerseusShelfUnion.app; sourceTree = BUILT_PRODUCTS_DIR; };
		4721AD731DF7B8E4000CD963 /* AppDelegate.swift */ = {isa = PBXFileReference; lastKnownFileType = sourcecode.swift; path = AppDelegate.swift; sourceTree = "<group>"; };
		4721AD751DF7B8E4000CD963 /* ViewController.swift */ = {isa = PBXFileReference; lastKnownFileType = sourcecode.swift; path = ViewController.swift; sourceTree = "<group>"; };
		4721AD7B1DF7B8E4000CD963 /* PerseusShelfUnion.xcdatamodel */ = {isa = PBXFileReference; lastKnownFileType = wrapper.xcdatamodel; path = PerseusShelfUnion.xcdatamodel; sourceTree = "<group>"; };
		4721AD7D1DF7B8E4000CD963 /* Assets.xcassets */ = {isa = PBXFileReference; lastKnownFileType = folder.assetcatalog; path = Assets.xcassets; sourceTree = "<group>"; };
		4721AD801DF7B8E4000CD963 /* Base */ = {isa = PBXFileReference; lastKnownFileType = file.storyboard; name = Base; path = Base.lproj/LaunchScreen.storyboard; sourceTree = "<group>"; };
		4721AD821DF7B8E4000CD963 /* Info.plist */ = {isa = PBXFileReference; lastKnownFileType = text.plist.xml; path = Info.plist; sourceTree = "<group>"; };
		476AC8191DF9340D00093B38 /* Icons.xcassets */ = {isa = PBXFileReference; lastKnownFileType = folder.assetcatalog; path = Icons.xcassets; sourceTree = "<group>"; };
		476AC8231DFA70F000093B38 /* LogIn.storyboard */ = {isa = PBXFileReference; fileEncoding = 4; lastKnownFileType = file.storyboard; name = LogIn.storyboard; path = Storyboard/LogIn.storyboard; sourceTree = "<group>"; };
		476AC8241DFA70F000093B38 /* Main.storyboard */ = {isa = PBXFileReference; fileEncoding = 4; lastKnownFileType = file.storyboard; name = Main.storyboard; path = Storyboard/Main.storyboard; sourceTree = "<group>"; };
		476AC8251DFA70F000093B38 /* OrdersList.storyboard */ = {isa = PBXFileReference; fileEncoding = 4; lastKnownFileType = file.storyboard; name = OrdersList.storyboard; path = Storyboard/OrdersList.storyboard; sourceTree = "<group>"; };
		476AC8261DFA70F000093B38 /* TakeOrdersList.storyboard */ = {isa = PBXFileReference; fileEncoding = 4; lastKnownFileType = file.storyboard; name = TakeOrdersList.storyboard; path = Storyboard/TakeOrdersList.storyboard; sourceTree = "<group>"; };
		476AC8271DFA70F000093B38 /* User.storyboard */ = {isa = PBXFileReference; fileEncoding = 4; lastKnownFileType = file.storyboard; name = User.storyboard; path = Storyboard/User.storyboard; sourceTree = "<group>"; };
		476AC82D1DFA715900093B38 /* TableViewCellFrame.swift */ = {isa = PBXFileReference; fileEncoding = 4; lastKnownFileType = sourcecode.swift; name = TableViewCellFrame.swift; path = View/TableViewCellFrame.swift; sourceTree = "<group>"; };
		476AC8311DFA7ECE00093B38 /* TextFieldFrame.swift */ = {isa = PBXFileReference; fileEncoding = 4; lastKnownFileType = sourcecode.swift; name = TextFieldFrame.swift; path = View/TextFieldFrame.swift; sourceTree = "<group>"; };
		476AC8331DFA809900093B38 /* TableViewCellFrame_Top.swift */ = {isa = PBXFileReference; fileEncoding = 4; lastKnownFileType = sourcecode.swift; name = TableViewCellFrame_Top.swift; path = View/TableViewCellFrame_Top.swift; sourceTree = "<group>"; };
		476AC8351DFA865100093B38 /* TableViewCellFrame_SecondMenu.swift */ = {isa = PBXFileReference; fileEncoding = 4; lastKnownFileType = sourcecode.swift; name = TableViewCellFrame_SecondMenu.swift; path = View/TableViewCellFrame_SecondMenu.swift; sourceTree = "<group>"; };
/* End PBXFileReference section */

/* Begin PBXFrameworksBuildPhase section */
		4721AD6D1DF7B8E4000CD963 /* Frameworks */ = {
			isa = PBXFrameworksBuildPhase;
			buildActionMask = 2147483647;
			files = (
			);
			runOnlyForDeploymentPostprocessing = 0;
		};
/* End PBXFrameworksBuildPhase section */

/* Begin PBXGroup section */
		4721AD671DF7B8E3000CD963 = {
			isa = PBXGroup;
			children = (
				4721AD721DF7B8E4000CD963 /* PerseusShelfUnion */,
				4721AD711DF7B8E4000CD963 /* Products */,
			);
			sourceTree = "<group>";
		};
		4721AD711DF7B8E4000CD963 /* Products */ = {
			isa = PBXGroup;
			children = (
				4721AD701DF7B8E4000CD963 /* PerseusShelfUnion.app */,
			);
			name = Products;
			sourceTree = "<group>";
		};
		4721AD721DF7B8E4000CD963 /* PerseusShelfUnion */ = {
			isa = PBXGroup;
			children = (
				4721AD8A1DF7CB9E000CD963 /* Model */,
				4721AD891DF7CB87000CD963 /* View */,
				4721AD881DF7BBCC000CD963 /* Controller */,
				4721AD8B1DF7CC95000CD963 /* Storyboard */,
				4721AD731DF7B8E4000CD963 /* AppDelegate.swift */,
				4721AD751DF7B8E4000CD963 /* ViewController.swift */,
				4721AD7D1DF7B8E4000CD963 /* Assets.xcassets */,
				476AC8191DF9340D00093B38 /* Icons.xcassets */,
				4721AD7F1DF7B8E4000CD963 /* LaunchScreen.storyboard */,
				4721AD821DF7B8E4000CD963 /* Info.plist */,
				4721AD7A1DF7B8E4000CD963 /* PerseusShelfUnion.xcdatamodeld */,
			);
			path = PerseusShelfUnion;
			sourceTree = "<group>";
		};
		4721AD881DF7BBCC000CD963 /* Controller */ = {
			isa = PBXGroup;
			children = (
			);
			name = Controller;
			sourceTree = "<group>";
		};
		4721AD891DF7CB87000CD963 /* View */ = {
			isa = PBXGroup;
			children = (
				476AC82D1DFA715900093B38 /* TableViewCellFrame.swift */,
				476AC8311DFA7ECE00093B38 /* TextFieldFrame.swift */,
				476AC8331DFA809900093B38 /* TableViewCellFrame_Top.swift */,
				476AC8351DFA865100093B38 /* TableViewCellFrame_SecondMenu.swift */,
			);
			name = View;
			sourceTree = "<group>";
		};
		4721AD8A1DF7CB9E000CD963 /* Model */ = {
			isa = PBXGroup;
			children = (
			);
			name = Model;
			sourceTree = "<group>";
		};
		4721AD8B1DF7CC95000CD963 /* Storyboard */ = {
			isa = PBXGroup;
			children = (
				476AC8241DFA70F000093B38 /* Main.storyboard */,
				476AC8261DFA70F000093B38 /* TakeOrdersList.storyboard */,
				476AC8251DFA70F000093B38 /* OrdersList.storyboard */,
				476AC8271DFA70F000093B38 /* User.storyboard */,
				476AC8231DFA70F000093B38 /* LogIn.storyboard */,
			);
			name = Storyboard;
			sourceTree = "<group>";
		};
/* End PBXGroup section */

/* Begin PBXNativeTarget section */
		4721AD6F1DF7B8E4000CD963 /* PerseusShelfUnion */ = {
			isa = PBXNativeTarget;
			buildConfigurationList = 4721AD851DF7B8E4000CD963 /* Build configuration list for PBXNativeTarget "PerseusShelfUnion" */;
			buildPhases = (
				4721AD6C1DF7B8E4000CD963 /* Sources */,
				4721AD6D1DF7B8E4000CD963 /* Frameworks */,
				4721AD6E1DF7B8E4000CD963 /* Resources */,
			);
			buildRules = (
			);
			dependencies = (
			);
			name = PerseusShelfUnion;
			productName = PerseusShelfUnion;
			productReference = 4721AD701DF7B8E4000CD963 /* PerseusShelfUnion.app */;
			productType = "com.apple.product-type.application";
		};
/* End PBXNativeTarget section */

/* Begin PBXProject section */
		4721AD681DF7B8E3000CD963 /* Project object */ = {
			isa = PBXProject;
			attributes = {
				LastSwiftUpdateCheck = 0810;
				LastUpgradeCheck = 0810;
				ORGANIZATIONNAME = XHVolunteeriOS;
				TargetAttributes = {
					4721AD6F1DF7B8E4000CD963 = {
						CreatedOnToolsVersion = 8.1;
						ProvisioningStyle = Automatic;
					};
				};
			};
			buildConfigurationList = 4721AD6B1DF7B8E3000CD963 /* Build configuration list for PBXProject "PerseusShelfUnion" */;
			compatibilityVersion = "Xcode 8.0";
			developmentRegion = English;
			hasScannedForEncodings = 0;
			knownRegions = (
				en,
				Base,
			);
			mainGroup = 4721AD671DF7B8E3000CD963;
			productRefGroup = 4721AD711DF7B8E4000CD963 /* Products */;
			projectDirPath = "";
			projectRoot = "";
			targets = (
				4721AD6F1DF7B8E4000CD963 /* PerseusShelfUnion */,
			);
		};
/* End PBXProject section */

/* Begin PBXResourcesBuildPhase section */
		4721AD6E1DF7B8E4000CD963 /* Resources */ = {
			isa = PBXResourcesBuildPhase;
			buildActionMask = 2147483647;
			files = (
				476AC8291DFA70F000093B38 /* Main.storyboard in Resources */,
				4721AD811DF7B8E4000CD963 /* LaunchScreen.storyboard in Resources */,
				4721AD7E1DF7B8E4000CD963 /* Assets.xcassets in Resources */,
				476AC82A1DFA70F000093B38 /* OrdersList.storyboard in Resources */,
				476AC82B1DFA70F000093B38 /* TakeOrdersList.storyboard in Resources */,
				476AC81A1DF9340D00093B38 /* Icons.xcassets in Resources */,
				476AC8281DFA70F000093B38 /* LogIn.storyboard in Resources */,
				476AC82C1DFA70F000093B38 /* User.storyboard in Resources */,
			);
			runOnlyForDeploymentPostprocessing = 0;
		};
/* End PBXResourcesBuildPhase section */

/* Begin PBXSourcesBuildPhase section */
		4721AD6C1DF7B8E4000CD963 /* Sources */ = {
			isa = PBXSourcesBuildPhase;
			buildActionMask = 2147483647;
			files = (
				476AC8341DFA809900093B38 /* TableViewCellFrame_Top.swift in Sources */,
				476AC8321DFA7ECE00093B38 /* TextFieldFrame.swift in Sources */,
				4721AD761DF7B8E4000CD963 /* ViewController.swift in Sources */,
				4721AD7C1DF7B8E4000CD963 /* PerseusShelfUnion.xcdatamodeld in Sources */,
				4721AD741DF7B8E4000CD963 /* AppDelegate.swift in Sources */,
				476AC82E1DFA715900093B38 /* TableViewCellFrame.swift in Sources */,
				476AC8361DFA865100093B38 /* TableViewCellFrame_SecondMenu.swift in Sources */,
			);
			runOnlyForDeploymentPostprocessing = 0;
		};
/* End PBXSourcesBuildPhase section */

/* Begin PBXVariantGroup section */
		4721AD7F1DF7B8E4000CD963 /* LaunchScreen.storyboard */ = {
			isa = PBXVariantGroup;
			children = (
				4721AD801DF7B8E4000CD963 /* Base */,
			);
			name = LaunchScreen.storyboard;
			sourceTree = "<group>";
		};
/* End PBXVariantGroup section */

/* Begin XCBuildConfiguration section */
		4721AD831DF7B8E4000CD963 /* Debug */ = {
			isa = XCBuildConfiguration;
			buildSettings = {
				ALWAYS_SEARCH_USER_PATHS = NO;
				CLANG_ANALYZER_NONNULL = YES;
				CLANG_CXX_LANGUAGE_STANDARD = "gnu++0x";
				CLANG_CXX_LIBRARY = "libc++";
				CLANG_ENABLE_MODULES = YES;
				CLANG_ENABLE_OBJC_ARC = YES;
				CLANG_WARN_BOOL_CONVERSION = YES;
				CLANG_WARN_CONSTANT_CONVERSION = YES;
				CLANG_WARN_DIRECT_OBJC_ISA_USAGE = YES_ERROR;
				CLANG_WARN_DOCUMENTATION_COMMENTS = YES;
				CLANG_WARN_EMPTY_BODY = YES;
				CLANG_WARN_ENUM_CONVERSION = YES;
				CLANG_WARN_INFINITE_RECURSION = YES;
				CLANG_WARN_INT_CONVERSION = YES;
				CLANG_WARN_OBJC_ROOT_CLASS = YES_ERROR;
				CLANG_WARN_SUSPICIOUS_MOVES = YES;
				CLANG_WARN_UNREACHABLE_CODE = YES;
				CLANG_WARN__DUPLICATE_METHOD_MATCH = YES;
				"CODE_SIGN_IDENTITY[sdk=iphoneos*]" = "iPhone Developer";
				COPY_PHASE_STRIP = NO;
				DEBUG_INFORMATION_FORMAT = dwarf;
				ENABLE_STRICT_OBJC_MSGSEND = YES;
				ENABLE_TESTABILITY = YES;
				GCC_C_LANGUAGE_STANDARD = gnu99;
				GCC_DYNAMIC_NO_PIC = NO;
				GCC_NO_COMMON_BLOCKS = YES;
				GCC_OPTIMIZATION_LEVEL = 0;
				GCC_PREPROCESSOR_DEFINITIONS = (
					"DEBUG=1",
					"$(inherited)",
				);
				GCC_WARN_64_TO_32_BIT_CONVERSION = YES;
				GCC_WARN_ABOUT_RETURN_TYPE = YES_ERROR;
				GCC_WARN_UNDECLARED_SELECTOR = YES;
				GCC_WARN_UNINITIALIZED_AUTOS = YES_AGGRESSIVE;
				GCC_WARN_UNUSED_FUNCTION = YES;
				GCC_WARN_UNUSED_VARIABLE = YES;
				IPHONEOS_DEPLOYMENT_TARGET = 10.1;
				MTL_ENABLE_DEBUG_INFO = YES;
				ONLY_ACTIVE_ARCH = YES;
				SDKROOT = iphoneos;
				SWIFT_ACTIVE_COMPILATION_CONDITIONS = DEBUG;
				SWIFT_OPTIMIZATION_LEVEL = "-Onone";
			};
			name = Debug;
		};
		4721AD841DF7B8E4000CD963 /* Release */ = {
			isa = XCBuildConfiguration;
			buildSettings = {
				ALWAYS_SEARCH_USER_PATHS = NO;
				CLANG_ANALYZER_NONNULL = YES;
				CLANG_CXX_LANGUAGE_STANDARD = "gnu++0x";
				CLANG_CXX_LIBRARY = "libc++";
				CLANG_ENABLE_MODULES = YES;
				CLANG_ENABLE_OBJC_ARC = YES;
				CLANG_WARN_BOOL_CONVERSION = YES;
				CLANG_WARN_CONSTANT_CONVERSION = YES;
				CLANG_WARN_DIRECT_OBJC_ISA_USAGE = YES_ERROR;
				CLANG_WARN_DOCUMENTATION_COMMENTS = YES;
				CLANG_WARN_EMPTY_BODY = YES;
				CLANG_WARN_ENUM_CONVERSION = YES;
				CLANG_WARN_INFINITE_RECURSION = YES;
				CLANG_WARN_INT_CONVERSION = YES;
				CLANG_WARN_OBJC_ROOT_CLASS = YES_ERROR;
				CLANG_WARN_SUSPICIOUS_MOVES = YES;
				CLANG_WARN_UNREACHABLE_CODE = YES;
				CLANG_WARN__DUPLICATE_METHOD_MATCH = YES;
				"CODE_SIGN_IDENTITY[sdk=iphoneos*]" = "iPhone Developer";
				COPY_PHASE_STRIP = NO;
				DEBUG_INFORMATION_FORMAT = "dwarf-with-dsym";
				ENABLE_NS_ASSERTIONS = NO;
				ENABLE_STRICT_OBJC_MSGSEND = YES;
				GCC_C_LANGUAGE_STANDARD = gnu99;
				GCC_NO_COMMON_BLOCKS = YES;
				GCC_WARN_64_TO_32_BIT_CONVERSION = YES;
				GCC_WARN_ABOUT_RETURN_TYPE = YES_ERROR;
				GCC_WARN_UNDECLARED_SELECTOR = YES;
				GCC_WARN_UNINITIALIZED_AUTOS = YES_AGGRESSIVE;
				GCC_WARN_UNUSED_FUNCTION = YES;
				GCC_WARN_UNUSED_VARIABLE = YES;
				IPHONEOS_DEPLOYMENT_TARGET = 10.1;
				MTL_ENABLE_DEBUG_INFO = NO;
				SDKROOT = iphoneos;
				SWIFT_OPTIMIZATION_LEVEL = "-Owholemodule";
				VALIDATE_PRODUCT = YES;
			};
			name = Release;
		};
		4721AD861DF7B8E4000CD963 /* Debug */ = {
			isa = XCBuildConfiguration;
			buildSettings = {
				ASSETCATALOG_COMPILER_APPICON_NAME = AppIcon;
				CODE_SIGN_IDENTITY = "iPhone Developer";
				DEVELOPMENT_TEAM = 533BE66A65;
				INFOPLIST_FILE = PerseusShelfUnion/Info.plist;
				IPHONEOS_DEPLOYMENT_TARGET = 9.2;
				LD_RUNPATH_SEARCH_PATHS = "$(inherited) @executable_path/Frameworks";
				PRODUCT_BUNDLE_IDENTIFIER = com.XHVolunteeriOS.PerseusShelfUnion;
				PRODUCT_NAME = "$(TARGET_NAME)";
				SWIFT_VERSION = 3.0;
				TARGETED_DEVICE_FAMILY = "1,2";
			};
			name = Debug;
		};
		4721AD871DF7B8E4000CD963 /* Release */ = {
			isa = XCBuildConfiguration;
			buildSettings = {
				ASSETCATALOG_COMPILER_APPICON_NAME = AppIcon;
				CODE_SIGN_IDENTITY = "iPhone Developer";
				"CODE_SIGN_IDENTITY[sdk=iphoneos*]" = "iPhone Developer";
				DEVELOPMENT_TEAM = 533BE66A65;
				INFOPLIST_FILE = PerseusShelfUnion/Info.plist;
				IPHONEOS_DEPLOYMENT_TARGET = 9.2;
				LD_RUNPATH_SEARCH_PATHS = "$(inherited) @executable_path/Frameworks";
				PRODUCT_BUNDLE_IDENTIFIER = com.XHVolunteeriOS.PerseusShelfUnion;
				PRODUCT_NAME = "$(TARGET_NAME)";
				SWIFT_VERSION = 3.0;
				TARGETED_DEVICE_FAMILY = "1,2";
			};
			name = Release;
		};
/* End XCBuildConfiguration section */

/* Begin XCConfigurationList section */
		4721AD6B1DF7B8E3000CD963 /* Build configuration list for PBXProject "PerseusShelfUnion" */ = {
			isa = XCConfigurationList;
			buildConfigurations = (
				4721AD831DF7B8E4000CD963 /* Debug */,
				4721AD841DF7B8E4000CD963 /* Release */,
			);
			defaultConfigurationIsVisible = 0;
			defaultConfigurationName = Release;
		};
		4721AD851DF7B8E4000CD963 /* Build configuration list for PBXNativeTarget "PerseusShelfUnion" */ = {
			isa = XCConfigurationList;
			buildConfigurations = (
				4721AD861DF7B8E4000CD963 /* Debug */,
				4721AD871DF7B8E4000CD963 /* Release */,
			);
			defaultConfigurationIsVisible = 0;
			defaultConfigurationName = Release;
		};
/* End XCConfigurationList section */

/* Begin XCVersionGroup section */
		4721AD7A1DF7B8E4000CD963 /* PerseusShelfUnion.xcdatamodeld */ = {
			isa = XCVersionGroup;
			children = (
				4721AD7B1DF7B8E4000CD963 /* PerseusShelfUnion.xcdatamodel */,
			);
			currentVersion = 4721AD7B1DF7B8E4000CD963 /* PerseusShelfUnion.xcdatamodel */;
			path = PerseusShelfUnion.xcdatamodeld;
			sourceTree = "<group>";
			versionGroupType = wrapper.xcdatamodel;
		};
/* End XCVersionGroup section */
	};
	rootObject = 4721AD681DF7B8E3000CD963 /* Project object */;
}
